[{<<"cf">>,{pkg,<<"cf">>,<<"0.2.1">>},1},
 {<<"cowboy">>,{pkg,<<"cowboy">>,<<"1.0.4">>},0},
 {<<"cowlib">>,{pkg,<<"cowlib">>,<<"1.0.2">>},1},
 {<<"erldyn">>,{pkg,<<"erldyn">>,<<"0.5.2">>},0},
 {<<"erlware_commons">>,{pkg,<<"erlware_commons">>,<<"0.20.0">>},0},
 {<<"jsone">>,{pkg,<<"jsone">>,<<"1.2.2">>},1},
 {<<"ranch">>,{pkg,<<"ranch">>,<<"1.2.1">>},1}].
